// !$*UTF8*$!
{
	archiveVersion = 1;
	classes = {
	};
	objectVersion = 50;
	objects = {

/* Begin PBXBuildFile section */
		CD9E87432199F8AF004904F0 /* AppDelegate.swift in Sources */ = {isa = PBXBuildFile; fileRef = CD9E87422199F8AF004904F0 /* AppDelegate.swift */; };
		CD9E87452199F8AF004904F0 /* ViewController.swift in Sources */ = {isa = PBXBuildFile; fileRef = CD9E87442199F8AF004904F0 /* ViewController.swift */; };
		CD9E87472199F8B0004904F0 /* Assets.xcassets in Resources */ = {isa = PBXBuildFile; fileRef = CD9E87462199F8B0004904F0 /* Assets.xcassets */; };
		CD9E874A2199F8B0004904F0 /* Main.storyboard in Resources */ = {isa = PBXBuildFile; fileRef = CD9E87482199F8B0004904F0 /* Main.storyboard */; };
		CD9E87562199F8B0004904F0 /* AudioRecorderTests.swift in Sources */ = {isa = PBXBuildFile; fileRef = CD9E87552199F8B0004904F0 /* AudioRecorderTests.swift */; };
		CD9E87612199F8B0004904F0 /* AudioRecorderUITests.swift in Sources */ = {isa = PBXBuildFile; fileRef = CD9E87602199F8B0004904F0 /* AudioRecorderUITests.swift */; };
		CD9E87712199FC26004904F0 /* AudioControl.swift in Sources */ = {isa = PBXBuildFile; fileRef = CD9E87702199FC26004904F0 /* AudioControl.swift */; };
		CDFEB339219AE55400C7A38D /* AudioMeter.swift in Sources */ = {isa = PBXBuildFile; fileRef = CDFEB338219AE55400C7A38D /* AudioMeter.swift */; };
		CDFEB33D219B17D000C7A38D /* help.html in Resources */ = {isa = PBXBuildFile; fileRef = CDFEB33C219B17D000C7A38D /* help.html */; };
		CDFEB340219B18A200C7A38D /* help.css in Resources */ = {isa = PBXBuildFile; fileRef = CDFEB33F219B18A200C7A38D /* help.css */; };
/* End PBXBuildFile section */

/* Begin PBXContainerItemProxy section */
		CD9E87522199F8B0004904F0 /* PBXContainerItemProxy */ = {
			isa = PBXContainerItemProxy;
			containerPortal = CD9E87372199F8AF004904F0 /* Project object */;
			proxyType = 1;
			remoteGlobalIDString = CD9E873E2199F8AF004904F0;
			remoteInfo = AudioRecorder;
		};
		CD9E875D2199F8B0004904F0 /* PBXContainerItemProxy */ = {
			isa = PBXContainerItemProxy;
			containerPortal = CD9E87372199F8AF004904F0 /* Project object */;
			proxyType = 1;
			remoteGlobalIDString = CD9E873E2199F8AF004904F0;
			remoteInfo = AudioRecorder;
		};
/* End PBXContainerItemProxy section */

/* Begin PBXFileReference section */
		CD9E873F2199F8AF004904F0 /* AudioRecorder.app */ = {isa = PBXFileReference; explicitFileType = wrapper.application; includeInIndex = 0; path = AudioRecorder.app; sourceTree = BUILT_PRODUCTS_DIR; };
		CD9E87422199F8AF004904F0 /* AppDelegate.swift */ = {isa = PBXFileReference; lastKnownFileType = sourcecode.swift; path = AppDelegate.swift; sourceTree = "<group>"; };
		CD9E87442199F8AF004904F0 /* ViewController.swift */ = {isa = PBXFileReference; lastKnownFileType = sourcecode.swift; path = ViewController.swift; sourceTree = "<group>"; };
		CD9E87462199F8B0004904F0 /* Assets.xcassets */ = {isa = PBXFileReference; lastKnownFileType = folder.assetcatalog; path = Assets.xcassets; sourceTree = "<group>"; };
		CD9E87492199F8B0004904F0 /* Base */ = {isa = PBXFileReference; lastKnownFileType = file.storyboard; name = Base; path = Base.lproj/Main.storyboard; sourceTree = "<group>"; };
		CD9E874B2199F8B0004904F0 /* Info.plist */ = {isa = PBXFileReference; lastKnownFileType = text.plist.xml; path = Info.plist; sourceTree = "<group>"; };
		CD9E874C2199F8B0004904F0 /* AudioRecorder.entitlements */ = {isa = PBXFileReference; lastKnownFileType = text.plist.entitlements; path = AudioRecorder.entitlements; sourceTree = "<group>"; };
		CD9E87512199F8B0004904F0 /* AudioRecorderTests.xctest */ = {isa = PBXFileReference; explicitFileType = wrapper.cfbundle; includeInIndex = 0; path = AudioRecorderTests.xctest; sourceTree = BUILT_PRODUCTS_DIR; };
		CD9E87552199F8B0004904F0 /* AudioRecorderTests.swift */ = {isa = PBXFileReference; lastKnownFileType = sourcecode.swift; path = AudioRecorderTests.swift; sourceTree = "<group>"; };
		CD9E87572199F8B0004904F0 /* Info.plist */ = {isa = PBXFileReference; lastKnownFileType = text.plist.xml; path = Info.plist; sourceTree = "<group>"; };
		CD9E875C2199F8B0004904F0 /* AudioRecorderUITests.xctest */ = {isa = PBXFileReference; explicitFileType = wrapper.cfbundle; includeInIndex = 0; path = AudioRecorderUITests.xctest; sourceTree = BUILT_PRODUCTS_DIR; };
		CD9E87602199F8B0004904F0 /* AudioRecorderUITests.swift */ = {isa = PBXFileReference; lastKnownFileType = sourcecode.swift; path = AudioRecorderUITests.swift; sourceTree = "<group>"; };
		CD9E87622199F8B0004904F0 /* Info.plist */ = {isa = PBXFileReference; lastKnownFileType = text.plist.xml; path = Info.plist; sourceTree = "<group>"; };
		CD9E87702199FC26004904F0 /* AudioControl.swift */ = {isa = PBXFileReference; lastKnownFileType = sourcecode.swift; path = AudioControl.swift; sourceTree = "<group>"; };
		CDFEB338219AE55400C7A38D /* AudioMeter.swift */ = {isa = PBXFileReference; lastKnownFileType = sourcecode.swift; path = AudioMeter.swift; sourceTree = "<group>"; };
		CDFEB33C219B17D000C7A38D /* help.html */ = {isa = PBXFileReference; lastKnownFileType = text.html; path = help.html; sourceTree = "<group>"; };
		CDFEB33F219B18A200C7A38D /* help.css */ = {isa = PBXFileReference; lastKnownFileType = text.css; path = help.css; sourceTree = "<group>"; };
/* End PBXFileReference section */

/* Begin PBXFrameworksBuildPhase section */
		CD9E873C2199F8AF004904F0 /* Frameworks */ = {
			isa = PBXFrameworksBuildPhase;
			buildActionMask = 2147483647;
			files = (
			);
			runOnlyForDeploymentPostprocessing = 0;
		};
		CD9E874E2199F8B0004904F0 /* Frameworks */ = {
			isa = PBXFrameworksBuildPhase;
			buildActionMask = 2147483647;
			files = (
			);
			runOnlyForDeploymentPostprocessing = 0;
		};
		CD9E87592199F8B0004904F0 /* Frameworks */ = {
			isa = PBXFrameworksBuildPhase;
			buildActionMask = 2147483647;
			files = (
			);
			runOnlyForDeploymentPostprocessing = 0;
		};
/* End PBXFrameworksBuildPhase section */

/* Begin PBXGroup section */
		CD9E87362199F8AF004904F0 = {
			isa = PBXGroup;
			children = (
				CD9E87412199F8AF004904F0 /* AudioRecorder */,
				CD9E87542199F8B0004904F0 /* AudioRecorderTests */,
				CD9E875F2199F8B0004904F0 /* AudioRecorderUITests */,
				CD9E87402199F8AF004904F0 /* Products */,
			);
			sourceTree = "<group>";
		};
		CD9E87402199F8AF004904F0 /* Products */ = {
			isa = PBXGroup;
			children = (
				CD9E873F2199F8AF004904F0 /* AudioRecorder.app */,
				CD9E87512199F8B0004904F0 /* AudioRecorderTests.xctest */,
				CD9E875C2199F8B0004904F0 /* AudioRecorderUITests.xctest */,
			);
			name = Products;
			sourceTree = "<group>";
		};
		CD9E87412199F8AF004904F0 /* AudioRecorder */ = {
			isa = PBXGroup;
			children = (
				CDFEB33B219B17BE00C7A38D /* Bundle */,
				CD9E87422199F8AF004904F0 /* AppDelegate.swift */,
				CD9E87442199F8AF004904F0 /* ViewController.swift */,
				CD9E87462199F8B0004904F0 /* Assets.xcassets */,
				CD9E87482199F8B0004904F0 /* Main.storyboard */,
				CD9E874B2199F8B0004904F0 /* Info.plist */,
				CD9E874C2199F8B0004904F0 /* AudioRecorder.entitlements */,
				CD9E87702199FC26004904F0 /* AudioControl.swift */,
				CDFEB338219AE55400C7A38D /* AudioMeter.swift */,
			);
			path = AudioRecorder;
			sourceTree = "<group>";
		};
		CD9E87542199F8B0004904F0 /* AudioRecorderTests */ = {
			isa = PBXGroup;
			children = (
				CD9E87552199F8B0004904F0 /* AudioRecorderTests.swift */,
				CD9E87572199F8B0004904F0 /* Info.plist */,
			);
			path = AudioRecorderTests;
			sourceTree = "<group>";
		};
		CD9E875F2199F8B0004904F0 /* AudioRecorderUITests */ = {
			isa = PBXGroup;
			children = (
				CD9E87602199F8B0004904F0 /* AudioRecorderUITests.swift */,
				CD9E87622199F8B0004904F0 /* Info.plist */,
			);
			path = AudioRecorderUITests;
			sourceTree = "<group>";
		};
		CDFEB33B219B17BE00C7A38D /* Bundle */ = {
			isa = PBXGroup;
			children = (
				CDFEB33C219B17D000C7A38D /* help.html */,
				CDFEB33F219B18A200C7A38D /* help.css */,
			);
			path = Bundle;
			sourceTree = "<group>";
		};
/* End PBXGroup section */

/* Begin PBXNativeTarget section */
		CD9E873E2199F8AF004904F0 /* AudioRecorder */ = {
			isa = PBXNativeTarget;
			buildConfigurationList = CD9E87652199F8B0004904F0 /* Build configuration list for PBXNativeTarget "AudioRecorder" */;
			buildPhases = (
				CD9E873B2199F8AF004904F0 /* Sources */,
				CD9E873C2199F8AF004904F0 /* Frameworks */,
				CD9E873D2199F8AF004904F0 /* Resources */,
			);
			buildRules = (
			);
			dependencies = (
			);
			name = AudioRecorder;
			productName = AudioRecorder;
			productReference = CD9E873F2199F8AF004904F0 /* AudioRecorder.app */;
			productType = "com.apple.product-type.application";
		};
		CD9E87502199F8B0004904F0 /* AudioRecorderTests */ = {
			isa = PBXNativeTarget;
			buildConfigurationList = CD9E87682199F8B0004904F0 /* Build configuration list for PBXNativeTarget "AudioRecorderTests" */;
			buildPhases = (
				CD9E874D2199F8B0004904F0 /* Sources */,
				CD9E874E2199F8B0004904F0 /* Frameworks */,
				CD9E874F2199F8B0004904F0 /* Resources */,
			);
			buildRules = (
			);
			dependencies = (
				CD9E87532199F8B0004904F0 /* PBXTargetDependency */,
			);
			name = AudioRecorderTests;
			productName = AudioRecorderTests;
			productReference = CD9E87512199F8B0004904F0 /* AudioRecorderTests.xctest */;
			productType = "com.apple.product-type.bundle.unit-test";
		};
		CD9E875B2199F8B0004904F0 /* AudioRecorderUITests */ = {
			isa = PBXNativeTarget;
			buildConfigurationList = CD9E876B2199F8B0004904F0 /* Build configuration list for PBXNativeTarget "AudioRecorderUITests" */;
			buildPhases = (
				CD9E87582199F8B0004904F0 /* Sources */,
				CD9E87592199F8B0004904F0 /* Frameworks */,
				CD9E875A2199F8B0004904F0 /* Resources */,
			);
			buildRules = (
			);
			dependencies = (
				CD9E875E2199F8B0004904F0 /* PBXTargetDependency */,
			);
			name = AudioRecorderUITests;
			productName = AudioRecorderUITests;
			productReference = CD9E875C2199F8B0004904F0 /* AudioRecorderUITests.xctest */;
			productType = "com.apple.product-type.bundle.ui-testing";
		};
/* End PBXNativeTarget section */

/* Begin PBXProject section */
		CD9E87372199F8AF004904F0 /* Project object */ = {
			isa = PBXProject;
			attributes = {
				LastSwiftUpdateCheck = 1010;
				LastUpgradeCheck = 1010;
				ORGANIZATIONNAME = "Patrick Günthard";
				TargetAttributes = {
					CD9E873E2199F8AF004904F0 = {
						CreatedOnToolsVersion = 10.1;
					};
					CD9E87502199F8B0004904F0 = {
						CreatedOnToolsVersion = 10.1;
						TestTargetID = CD9E873E2199F8AF004904F0;
					};
					CD9E875B2199F8B0004904F0 = {
						CreatedOnToolsVersion = 10.1;
						TestTargetID = CD9E873E2199F8AF004904F0;
					};
				};
			};
			buildConfigurationList = CD9E873A2199F8AF004904F0 /* Build configuration list for PBXProject "AudioRecorder" */;
			compatibilityVersion = "Xcode 9.3";
			developmentRegion = en;
			hasScannedForEncodings = 0;
			knownRegions = (
				en,
				Base,
			);
			mainGroup = CD9E87362199F8AF004904F0;
			productRefGroup = CD9E87402199F8AF004904F0 /* Products */;
			projectDirPath = "";
			projectRoot = "";
			targets = (
				CD9E873E2199F8AF004904F0 /* AudioRecorder */,
				CD9E87502199F8B0004904F0 /* AudioRecorderTests */,
				CD9E875B2199F8B0004904F0 /* AudioRecorderUITests */,
			);
		};
/* End PBXProject section */

/* Begin PBXResourcesBuildPhase section */
		CD9E873D2199F8AF004904F0 /* Resources */ = {
			isa = PBXResourcesBuildPhase;
			buildActionMask = 2147483647;
			files = (
				CDFEB340219B18A200C7A38D /* help.css in Resources */,
				CD9E87472199F8B0004904F0 /* Assets.xcassets in Resources */,
				CDFEB33D219B17D000C7A38D /* help.html in Resources */,
				CD9E874A2199F8B0004904F0 /* Main.storyboard in Resources */,
			);
			runOnlyForDeploymentPostprocessing = 0;
		};
		CD9E874F2199F8B0004904F0 /* Resources */ = {
			isa = PBXResourcesBuildPhase;
			buildActionMask = 2147483647;
			files = (
			);
			runOnlyForDeploymentPostprocessing = 0;
		};
		CD9E875A2199F8B0004904F0 /* Resources */ = {
			isa = PBXResourcesBuildPhase;
			buildActionMask = 2147483647;
			files = (
			);
			runOnlyForDeploymentPostprocessing = 0;
		};
/* End PBXResourcesBuildPhase section */

/* Begin PBXSourcesBuildPhase section */
		CD9E873B2199F8AF004904F0 /* Sources */ = {
			isa = PBXSourcesBuildPhase;
			buildActionMask = 2147483647;
			files = (
				CD9E87452199F8AF004904F0 /* ViewController.swift in Sources */,
				CD9E87432199F8AF004904F0 /* AppDelegate.swift in Sources */,
				CDFEB339219AE55400C7A38D /* AudioMeter.swift in Sources */,
				CD9E87712199FC26004904F0 /* AudioControl.swift in Sources */,
			);
			runOnlyForDeploymentPostprocessing = 0;
		};
		CD9E874D2199F8B0004904F0 /* Sources */ = {
			isa = PBXSourcesBuildPhase;
			buildActionMask = 2147483647;
			files = (
				CD9E87562199F8B0004904F0 /* AudioRecorderTests.swift in Sources */,
			);
			runOnlyForDeploymentPostprocessing = 0;
		};
		CD9E87582199F8B0004904F0 /* Sources */ = {
			isa = PBXSourcesBuildPhase;
			buildActionMask = 2147483647;
			files = (
				CD9E87612199F8B0004904F0 /* AudioRecorderUITests.swift in Sources */,
			);
			runOnlyForDeploymentPostprocessing = 0;
		};
/* End PBXSourcesBuildPhase section */

/* Begin PBXTargetDependency section */
		CD9E87532199F8B0004904F0 /* PBXTargetDependency */ = {
			isa = PBXTargetDependency;
			target = CD9E873E2199F8AF004904F0 /* AudioRecorder */;
			targetProxy = CD9E87522199F8B0004904F0 /* PBXContainerItemProxy */;
		};
		CD9E875E2199F8B0004904F0 /* PBXTargetDependency */ = {
			isa = PBXTargetDependency;
			target = CD9E873E2199F8AF004904F0 /* AudioRecorder */;
			targetProxy = CD9E875D2199F8B0004904F0 /* PBXContainerItemProxy */;
		};
/* End PBXTargetDependency section */

/* Begin PBXVariantGroup section */
		CD9E87482199F8B0004904F0 /* Main.storyboard */ = {
			isa = PBXVariantGroup;
			children = (
				CD9E87492199F8B0004904F0 /* Base */,
			);
			name = Main.storyboard;
			sourceTree = "<group>";
		};
/* End PBXVariantGroup section */

/* Begin XCBuildConfiguration section */
		CD9E87632199F8B0004904F0 /* Debug */ = {
			isa = XCBuildConfiguration;
			buildSettings = {
				ALWAYS_SEARCH_USER_PATHS = NO;
				CLANG_ANALYZER_NONNULL = YES;
				CLANG_ANALYZER_NUMBER_OBJECT_CONVERSION = YES_AGGRESSIVE;
				CLANG_CXX_LANGUAGE_STANDARD = "gnu++14";
				CLANG_CXX_LIBRARY = "libc++";
				CLANG_ENABLE_MODULES = YES;
				CLANG_ENABLE_OBJC_ARC = YES;
				CLANG_ENABLE_OBJC_WEAK = YES;
				CLANG_WARN_BLOCK_CAPTURE_AUTORELEASING = YES;
				CLANG_WARN_BOOL_CONVERSION = YES;
				CLANG_WARN_COMMA = YES;
				CLANG_WARN_CONSTANT_CONVERSION = YES;
				CLANG_WARN_DEPRECATED_OBJC_IMPLEMENTATIONS = YES;
				CLANG_WARN_DIRECT_OBJC_ISA_USAGE = YES_ERROR;
				CLANG_WARN_DOCUMENTATION_COMMENTS = YES;
				CLANG_WARN_EMPTY_BODY = YES;
				CLANG_WARN_ENUM_CONVERSION = YES;
				CLANG_WARN_INFINITE_RECURSION = YES;
				CLANG_WARN_INT_CONVERSION = YES;
				CLANG_WARN_NON_LITERAL_NULL_CONVERSION = YES;
				CLANG_WARN_OBJC_IMPLICIT_RETAIN_SELF = YES;
				CLANG_WARN_OBJC_LITERAL_CONVERSION = YES;
				CLANG_WARN_OBJC_ROOT_CLASS = YES_ERROR;
				CLANG_WARN_RANGE_LOOP_ANALYSIS = YES;
				CLANG_WARN_STRICT_PROTOTYPES = YES;
				CLANG_WARN_SUSPICIOUS_MOVE = YES;
				CLANG_WARN_UNGUARDED_AVAILABILITY = YES_AGGRESSIVE;
				CLANG_WARN_UNREACHABLE_CODE = YES;
				CLANG_WARN__DUPLICATE_METHOD_MATCH = YES;
				CODE_SIGN_IDENTITY = "-";
				COPY_PHASE_STRIP = NO;
				DEBUG_INFORMATION_FORMAT = dwarf;
				ENABLE_STRICT_OBJC_MSGSEND = YES;
				ENABLE_TESTABILITY = YES;
				GCC_C_LANGUAGE_STANDARD = gnu11;
				GCC_DYNAMIC_NO_PIC = NO;
				GCC_NO_COMMON_BLOCKS = YES;
				GCC_OPTIMIZATION_LEVEL = 0;
				GCC_PREPROCESSOR_DEFINITIONS = (
					"DEBUG=1",
					"$(inherited)",
				);
				GCC_WARN_64_TO_32_BIT_CONVERSION = YES;
				GCC_WARN_ABOUT_RETURN_TYPE = YES_ERROR;
				GCC_WARN_UNDECLARED_SELECTOR = YES;
				GCC_WARN_UNINITIALIZED_AUTOS = YES_AGGRESSIVE;
				GCC_WARN_UNUSED_FUNCTION = YES;
				GCC_WARN_UNUSED_VARIABLE = YES;
				MACOSX_DEPLOYMENT_TARGET = 10.14;
				MTL_ENABLE_DEBUG_INFO = INCLUDE_SOURCE;
				MTL_FAST_MATH = YES;
				ONLY_ACTIVE_ARCH = YES;
				SDKROOT = macosx;
				SWIFT_ACTIVE_COMPILATION_CONDITIONS = DEBUG;
				SWIFT_OPTIMIZATION_LEVEL = "-Onone";
			};
			name = Debug;
		};
		CD9E87642199F8B0004904F0 /* Release */ = {
			isa = XCBuildConfiguration;
			buildSettings = {
				ALWAYS_SEARCH_USER_PATHS = NO;
				CLANG_ANALYZER_NONNULL = YES;
				CLANG_ANALYZER_NUMBER_OBJECT_CONVERSION = YES_AGGRESSIVE;
				CLANG_CXX_LANGUAGE_STANDARD = "gnu++14";
				CLANG_CXX_LIBRARY = "libc++";
				CLANG_ENABLE_MODULES = YES;
				CLANG_ENABLE_OBJC_ARC = YES;
				CLANG_ENABLE_OBJC_WEAK = YES;
				CLANG_WARN_BLOCK_CAPTURE_AUTORELEASING = YES;
				CLANG_WARN_BOOL_CONVERSION = YES;
				CLANG_WARN_COMMA = YES;
				CLANG_WARN_CONSTANT_CONVERSION = YES;
				CLANG_WARN_DEPRECATED_OBJC_IMPLEMENTATIONS = YES;
				CLANG_WARN_DIRECT_OBJC_ISA_USAGE = YES_ERROR;
				CLANG_WARN_DOCUMENTATION_COMMENTS = YES;
				CLANG_WARN_EMPTY_BODY = YES;
				CLANG_WARN_ENUM_CONVERSION = YES;
				CLANG_WARN_INFINITE_RECURSION = YES;
				CLANG_WARN_INT_CONVERSION = YES;
				CLANG_WARN_NON_LITERAL_NULL_CONVERSION = YES;
				CLANG_WARN_OBJC_IMPLICIT_RETAIN_SELF = YES;
				CLANG_WARN_OBJC_LITERAL_CONVERSION = YES;
				CLANG_WARN_OBJC_ROOT_CLASS = YES_ERROR;
				CLANG_WARN_RANGE_LOOP_ANALYSIS = YES;
				CLANG_WARN_STRICT_PROTOTYPES = YES;
				CLANG_WARN_SUSPICIOUS_MOVE = YES;
				CLANG_WARN_UNGUARDED_AVAILABILITY = YES_AGGRESSIVE;
				CLANG_WARN_UNREACHABLE_CODE = YES;
				CLANG_WARN__DUPLICATE_METHOD_MATCH = YES;
				CODE_SIGN_IDENTITY = "-";
				COPY_PHASE_STRIP = NO;
				DEBUG_INFORMATION_FORMAT = "dwarf-with-dsym";
				ENABLE_NS_ASSERTIONS = NO;
				ENABLE_STRICT_OBJC_MSGSEND = YES;
				GCC_C_LANGUAGE_STANDARD = gnu11;
				GCC_NO_COMMON_BLOCKS = YES;
				GCC_WARN_64_TO_32_BIT_CONVERSION = YES;
				GCC_WARN_ABOUT_RETURN_TYPE = YES_ERROR;
				GCC_WARN_UNDECLARED_SELECTOR = YES;
				GCC_WARN_UNINITIALIZED_AUTOS = YES_AGGRESSIVE;
				GCC_WARN_UNUSED_FUNCTION = YES;
				GCC_WARN_UNUSED_VARIABLE = YES;
				MACOSX_DEPLOYMENT_TARGET = 10.14;
				MTL_ENABLE_DEBUG_INFO = NO;
				MTL_FAST_MATH = YES;
				SDKROOT = macosx;
				SWIFT_COMPILATION_MODE = wholemodule;
				SWIFT_OPTIMIZATION_LEVEL = "-O";
			};
			name = Release;
		};
		CD9E87662199F8B0004904F0 /* Debug */ = {
			isa = XCBuildConfiguration;
			buildSettings = {
				ASSETCATALOG_COMPILER_APPICON_NAME = AppIcon;
				CODE_SIGN_STYLE = Automatic;
				COMBINE_HIDPI_IMAGES = YES;
				INFOPLIST_FILE = AudioRecorder/Info.plist;
				LD_RUNPATH_SEARCH_PATHS = (
					"$(inherited)",
					"@executable_path/../Frameworks",
				);
				MACOSX_DEPLOYMENT_TARGET = 10.14;
				PRODUCT_BUNDLE_IDENTIFIER = ch.patrickguenthard.AudioRecorder;
				PRODUCT_NAME = "$(TARGET_NAME)";
				SWIFT_VERSION = 4.2;
			};
			name = Debug;
		};
		CD9E87672199F8B0004904F0 /* Release */ = {
			isa = XCBuildConfiguration;
			buildSettings = {
				ASSETCATALOG_COMPILER_APPICON_NAME = AppIcon;
				CODE_SIGN_STYLE = Automatic;
				COMBINE_HIDPI_IMAGES = YES;
				INFOPLIST_FILE = AudioRecorder/Info.plist;
				LD_RUNPATH_SEARCH_PATHS = (
					"$(inherited)",
					"@executable_path/../Frameworks",
				);
				MACOSX_DEPLOYMENT_TARGET = 10.14;
				PRODUCT_BUNDLE_IDENTIFIER = ch.patrickguenthard.AudioRecorder;
				PRODUCT_NAME = "$(TARGET_NAME)";
				SWIFT_VERSION = 4.2;
			};
			name = Release;
		};
		CD9E87692199F8B0004904F0 /* Debug */ = {
			isa = XCBuildConfiguration;
			buildSettings = {
				ALWAYS_EMBED_SWIFT_STANDARD_LIBRARIES = YES;
				BUNDLE_LOADER = "$(TEST_HOST)";
				CODE_SIGN_STYLE = Automatic;
				COMBINE_HIDPI_IMAGES = YES;
				INFOPLIST_FILE = AudioRecorderTests/Info.plist;
				LD_RUNPATH_SEARCH_PATHS = (
					"$(inherited)",
					"@executable_path/../Frameworks",
					"@loader_path/../Frameworks",
				);
				PRODUCT_BUNDLE_IDENTIFIER = ch.patrickguenthard.AudioRecorderTests;
				PRODUCT_NAME = "$(TARGET_NAME)";
				SWIFT_VERSION = 4.2;
				TEST_HOST = "$(BUILT_PRODUCTS_DIR)/AudioRecorder.app/Contents/MacOS/AudioRecorder";
			};
			name = Debug;
		};
		CD9E876A2199F8B0004904F0 /* Release */ = {
			isa = XCBuildConfiguration;
			buildSettings = {
				ALWAYS_EMBED_SWIFT_STANDARD_LIBRARIES = YES;
				BUNDLE_LOADER = "$(TEST_HOST)";
				CODE_SIGN_STYLE = Automatic;
				COMBINE_HIDPI_IMAGES = YES;
				INFOPLIST_FILE = AudioRecorderTests/Info.plist;
				LD_RUNPATH_SEARCH_PATHS = (
					"$(inherited)",
					"@executable_path/../Frameworks",
					"@loader_path/../Frameworks",
				);
				PRODUCT_BUNDLE_IDENTIFIER = ch.patrickguenthard.AudioRecorderTests;
				PRODUCT_NAME = "$(TARGET_NAME)";
				SWIFT_VERSION = 4.2;
				TEST_HOST = "$(BUILT_PRODUCTS_DIR)/AudioRecorder.app/Contents/MacOS/AudioRecorder";
			};
			name = Release;
		};
		CD9E876C2199F8B0004904F0 /* Debug */ = {
			isa = XCBuildConfiguration;
			buildSettings = {
				ALWAYS_EMBED_SWIFT_STANDARD_LIBRARIES = YES;
				CODE_SIGN_STYLE = Automatic;
				COMBINE_HIDPI_IMAGES = YES;
				INFOPLIST_FILE = AudioRecorderUITests/Info.plist;
				LD_RUNPATH_SEARCH_PATHS = (
					"$(inherited)",
					"@executable_path/../Frameworks",
					"@loader_path/../Frameworks",
				);
				PRODUCT_BUNDLE_IDENTIFIER = ch.patrickguenthard.AudioRecorderUITests;
				PRODUCT_NAME = "$(TARGET_NAME)";
				SWIFT_VERSION = 4.2;
				TEST_TARGET_NAME = AudioRecorder;
			};
			name = Debug;
		};
		CD9E876D2199F8B0004904F0 /* Release */ = {
			isa = XCBuildConfiguration;
			buildSettings = {
				ALWAYS_EMBED_SWIFT_STANDARD_LIBRARIES = YES;
				CODE_SIGN_STYLE = Automatic;
				COMBINE_HIDPI_IMAGES = YES;
				INFOPLIST_FILE = AudioRecorderUITests/Info.plist;
				LD_RUNPATH_SEARCH_PATHS = (
					"$(inherited)",
					"@executable_path/../Frameworks",
					"@loader_path/../Frameworks",
				);
				PRODUCT_BUNDLE_IDENTIFIER = ch.patrickguenthard.AudioRecorderUITests;
				PRODUCT_NAME = "$(TARGET_NAME)";
				SWIFT_VERSION = 4.2;
				TEST_TARGET_NAME = AudioRecorder;
			};
			name = Release;
		};
/* End XCBuildConfiguration section */

/* Begin XCConfigurationList section */
		CD9E873A2199F8AF004904F0 /* Build configuration list for PBXProject "AudioRecorder" */ = {
			isa = XCConfigurationList;
			buildConfigurations = (
				CD9E87632199F8B0004904F0 /* Debug */,
				CD9E87642199F8B0004904F0 /* Release */,
			);
			defaultConfigurationIsVisible = 0;
			defaultConfigurationName = Release;
		};
		CD9E87652199F8B0004904F0 /* Build configuration list for PBXNativeTarget "AudioRecorder" */ = {
			isa = XCConfigurationList;
			buildConfigurations = (
				CD9E87662199F8B0004904F0 /* Debug */,
				CD9E87672199F8B0004904F0 /* Release */,
			);
			defaultConfigurationIsVisible = 0;
			defaultConfigurationName = Release;
		};
		CD9E87682199F8B0004904F0 /* Build configuration list for PBXNativeTarget "AudioRecorderTests" */ = {
			isa = XCConfigurationList;
			buildConfigurations = (
				CD9E87692199F8B0004904F0 /* Debug */,
				CD9E876A2199F8B0004904F0 /* Release */,
			);
			defaultConfigurationIsVisible = 0;
			defaultConfigurationName = Release;
		};
		CD9E876B2199F8B0004904F0 /* Build configuration list for PBXNativeTarget "AudioRecorderUITests" */ = {
			isa = XCConfigurationList;
			buildConfigurations = (
				CD9E876C2199F8B0004904F0 /* Debug */,
				CD9E876D2199F8B0004904F0 /* Release */,
			);
			defaultConfigurationIsVisible = 0;
			defaultConfigurationName = Release;
		};
/* End XCConfigurationList section */
	};
	rootObject = CD9E87372199F8AF004904F0 /* Project object */;
}
